
Microsoft Visual Studio Solution File, Format Version 11.00
# Visual Studio 2010
Project("{8BC9CEB8-8B4A-11D0-8D11-00A0C91BC942}") = "HSFoxx", "S5K3L8XXM3\HSFoxx.vcxproj", "{B581C374-E8DB-49A6-9D26-E4679347FB62}"
EndProject
Project("{8BC9CEB8-8B4A-11D0-8D11-00A0C91BC942}") = "AARobotLib", "AARobotLib\AARobotLib.vcxproj", "{442A7EB1-4BF9-4E46-8231-8D5D889A0E34}"
EndProject
Project("{8BC9CEB8-8B4A-11D0-8D11-00A0C91BC942}") = "devnetwork", "devnetwork\devnetwork.vcxproj", "{02639409-B6D3-4077-A196-5B938DDAE74B}"
EndProject
Project("{8BC9CEB8-8B4A-11D0-8D11-00A0C91BC942}") = "jiaodian", "jiaodian\jiaodian.vcxproj", "{D497410B-DA02-428F-B64C-D4739A76975C}"
EndProject
Project("{8BC9CEB8-8B4A-11D0-8D11-00A0C91BC942}") = "centor", "centor\centor.vcxproj", "{8C7CB19A-6057-438F-812D-F298D5B2DC7B}"
EndProject
Project("{8BC9CEB8-8B4A-11D0-8D11-00A0C91BC942}") = "IAVisionAlgorithm", "IAVisionAlgorithm\IAVisionAlgorithm.vcxproj", "{44D351E2-01F1-480B-A378-54A1E4F38D94}"
EndProject
Project("{8BC9CEB8-8B4A-11D0-8D11-00A0C91BC942}") = "AA", "AA\AA.vcxproj", "{F8753EBC-42E4-4C4B-9BB8-AF8CE3DBCAAC}"
EndProject
Project("{2150E333-8FDC-42A3-9474-1A3956D46DE8}") = "test", "test", "{FB460C51-1F8A-4531-966B-11AA570D19B4}"
EndProject
Project("{8BC9CEB8-8B4A-11D0-8D11-00A0C91BC942}") = "test", "bianli\bianli.vcxproj", "{A011FEC3-6EE7-47E4-A421-A15A0E9C8269}"
EndProject
Global
	GlobalSection(SolutionConfigurationPlatforms) = preSolution
		Debug|Win32 = Debug|Win32
		Debug|x64 = Debug|x64
		Release|Win32 = Release|Win32
		Release|x64 = Release|x64
		Template|Win32 = Template|Win32
		Template|x64 = Template|x64
	EndGlobalSection
	GlobalSection(ProjectConfigurationPlatforms) = postSolution
		{B581C374-E8DB-49A6-9D26-E4679347FB62}.Debug|Win32.ActiveCfg = Debug|Win32
		{B581C374-E8DB-49A6-9D26-E4679347FB62}.Debug|Win32.Build.0 = Debug|Win32
		{B581C374-E8DB-49A6-9D26-E4679347FB62}.Debug|x64.ActiveCfg = Debug|x64
		{B581C374-E8DB-49A6-9D26-E4679347FB62}.Debug|x64.Build.0 = Debug|x64
		{B581C374-E8DB-49A6-9D26-E4679347FB62}.Release|Win32.ActiveCfg = Release|Win32
		{B581C374-E8DB-49A6-9D26-E4679347FB62}.Release|Win32.Build.0 = Release|Win32
		{B581C374-E8DB-49A6-9D26-E4679347FB62}.Release|x64.ActiveCfg = Release|x64
		{B581C374-E8DB-49A6-9D26-E4679347FB62}.Release|x64.Build.0 = Release|x64
		{B581C374-E8DB-49A6-9D26-E4679347FB62}.Template|Win32.ActiveCfg = Template|Win32
		{B581C374-E8DB-49A6-9D26-E4679347FB62}.Template|Win32.Build.0 = Template|Win32
		{B581C374-E8DB-49A6-9D26-E4679347FB62}.Template|x64.ActiveCfg = Template|x64
		{B581C374-E8DB-49A6-9D26-E4679347FB62}.Template|x64.Build.0 = Template|x64
		{442A7EB1-4BF9-4E46-8231-8D5D889A0E34}.Debug|Win32.ActiveCfg = Debug|Win32
		{442A7EB1-4BF9-4E46-8231-8D5D889A0E34}.Debug|Win32.Build.0 = Debug|Win32
		{442A7EB1-4BF9-4E46-8231-8D5D889A0E34}.Debug|x64.ActiveCfg = Debug|x64
		{442A7EB1-4BF9-4E46-8231-8D5D889A0E34}.Debug|x64.Build.0 = Debug|x64
		{442A7EB1-4BF9-4E46-8231-8D5D889A0E34}.Release|Win32.ActiveCfg = Release|Win32
		{442A7EB1-4BF9-4E46-8231-8D5D889A0E34}.Release|Win32.Build.0 = Release|Win32
		{442A7EB1-4BF9-4E46-8231-8D5D889A0E34}.Release|x64.ActiveCfg = Release|x64
		{442A7EB1-4BF9-4E46-8231-8D5D889A0E34}.Release|x64.Build.0 = Release|x64
		{442A7EB1-4BF9-4E46-8231-8D5D889A0E34}.Template|Win32.ActiveCfg = Release|Win32
		{442A7EB1-4BF9-4E46-8231-8D5D889A0E34}.Template|Win32.Build.0 = Release|Win32
		{442A7EB1-4BF9-4E46-8231-8D5D889A0E34}.Template|x64.ActiveCfg = Release|x64
		{442A7EB1-4BF9-4E46-8231-8D5D889A0E34}.Template|x64.Build.0 = Release|x64
		{02639409-B6D3-4077-A196-5B938DDAE74B}.Debug|Win32.ActiveCfg = Debug|Win32
		{02639409-B6D3-4077-A196-5B938DDAE74B}.Debug|Win32.Build.0 = Debug|Win32
		{02639409-B6D3-4077-A196-5B938DDAE74B}.Debug|x64.ActiveCfg = Debug|Win32
		{02639409-B6D3-4077-A196-5B938DDAE74B}.Release|Win32.ActiveCfg = Release|Win32
		{02639409-B6D3-4077-A196-5B938DDAE74B}.Release|Win32.Build.0 = Release|Win32
		{02639409-B6D3-4077-A196-5B938DDAE74B}.Release|x64.ActiveCfg = Release|Win32
		{02639409-B6D3-4077-A196-5B938DDAE74B}.Template|Win32.ActiveCfg = Release|Win32
		{02639409-B6D3-4077-A196-5B938DDAE74B}.Template|Win32.Build.0 = Release|Win32
		{02639409-B6D3-4077-A196-5B938DDAE74B}.Template|x64.ActiveCfg = Release|Win32
		{D497410B-DA02-428F-B64C-D4739A76975C}.Debug|Win32.ActiveCfg = Debug|Win32
		{D497410B-DA02-428F-B64C-D4739A76975C}.Debug|Win32.Build.0 = Debug|Win32
		{D497410B-DA02-428F-B64C-D4739A76975C}.Debug|x64.ActiveCfg = Debug|Win32
		{D497410B-DA02-428F-B64C-D4739A76975C}.Release|Win32.ActiveCfg = Release|Win32
		{D497410B-DA02-428F-B64C-D4739A76975C}.Release|Win32.Build.0 = Release|Win32
		{D497410B-DA02-428F-B64C-D4739A76975C}.Release|x64.ActiveCfg = Release|Win32
		{D497410B-DA02-428F-B64C-D4739A76975C}.Template|Win32.ActiveCfg = Release|Win32
		{D497410B-DA02-428F-B64C-D4739A76975C}.Template|Win32.Build.0 = Release|Win32
		{D497410B-DA02-428F-B64C-D4739A76975C}.Template|x64.ActiveCfg = Release|Win32
		{8C7CB19A-6057-438F-812D-F298D5B2DC7B}.Debug|Win32.ActiveCfg = Debug|Win32
		{8C7CB19A-6057-438F-812D-F298D5B2DC7B}.Debug|Win32.Build.0 = Debug|Win32
		{8C7CB19A-6057-438F-812D-F298D5B2DC7B}.Debug|x64.ActiveCfg = Debug|Win32
		{8C7CB19A-6057-438F-812D-F298D5B2DC7B}.Release|Win32.ActiveCfg = Release|Win32
		{8C7CB19A-6057-438F-812D-F298D5B2DC7B}.Release|Win32.Build.0 = Release|Win32
		{8C7CB19A-6057-438F-812D-F298D5B2DC7B}.Release|x64.ActiveCfg = Release|Win32
		{8C7CB19A-6057-438F-812D-F298D5B2DC7B}.Template|Win32.ActiveCfg = Release|Win32
		{8C7CB19A-6057-438F-812D-F298D5B2DC7B}.Template|Win32.Build.0 = Release|Win32
		{8C7CB19A-6057-438F-812D-F298D5B2DC7B}.Template|x64.ActiveCfg = Release|Win32
		{44D351E2-01F1-480B-A378-54A1E4F38D94}.Debug|Win32.ActiveCfg = Debug|Win32
		{44D351E2-01F1-480B-A378-54A1E4F38D94}.Debug|Win32.Build.0 = Debug|Win32
		{44D351E2-01F1-480B-A378-54A1E4F38D94}.Debug|x64.ActiveCfg = Debug|Win32
		{44D351E2-01F1-480B-A378-54A1E4F38D94}.Release|Win32.ActiveCfg = Release|Win32
		{44D351E2-01F1-480B-A378-54A1E4F38D94}.Release|Win32.Build.0 = Release|Win32
		{44D351E2-01F1-480B-A378-54A1E4F38D94}.Release|x64.ActiveCfg = Release|Win32
		{44D351E2-01F1-480B-A378-54A1E4F38D94}.Template|Win32.ActiveCfg = Release|Win32
		{44D351E2-01F1-480B-A378-54A1E4F38D94}.Template|Win32.Build.0 = Release|Win32
		{44D351E2-01F1-480B-A378-54A1E4F38D94}.Template|x64.ActiveCfg = Release|Win32
		{F8753EBC-42E4-4C4B-9BB8-AF8CE3DBCAAC}.Debug|Win32.ActiveCfg = Debug|Win32
		{F8753EBC-42E4-4C4B-9BB8-AF8CE3DBCAAC}.Debug|Win32.Build.0 = Debug|Win32
		{F8753EBC-42E4-4C4B-9BB8-AF8CE3DBCAAC}.Debug|x64.ActiveCfg = Debug|Win32
		{F8753EBC-42E4-4C4B-9BB8-AF8CE3DBCAAC}.Release|Win32.ActiveCfg = Release|Win32
		{F8753EBC-42E4-4C4B-9BB8-AF8CE3DBCAAC}.Release|Win32.Build.0 = Release|Win32
		{F8753EBC-42E4-4C4B-9BB8-AF8CE3DBCAAC}.Release|x64.ActiveCfg = Release|Win32
		{F8753EBC-42E4-4C4B-9BB8-AF8CE3DBCAAC}.Template|Win32.ActiveCfg = Release|Win32
		{F8753EBC-42E4-4C4B-9BB8-AF8CE3DBCAAC}.Template|Win32.Build.0 = Release|Win32
		{F8753EBC-42E4-4C4B-9BB8-AF8CE3DBCAAC}.Template|x64.ActiveCfg = Release|Win32
		{A011FEC3-6EE7-47E4-A421-A15A0E9C8269}.Debug|Win32.ActiveCfg = Debug|Win32
		{A011FEC3-6EE7-47E4-A421-A15A0E9C8269}.Debug|Win32.Build.0 = Debug|Win32
		{A011FEC3-6EE7-47E4-A421-A15A0E9C8269}.Debug|x64.ActiveCfg = Debug|Win32
		{A011FEC3-6EE7-47E4-A421-A15A0E9C8269}.Release|Win32.ActiveCfg = Release|Win32
		{A011FEC3-6EE7-47E4-A421-A15A0E9C8269}.Release|Win32.Build.0 = Release|Win32
		{A011FEC3-6EE7-47E4-A421-A15A0E9C8269}.Release|x64.ActiveCfg = Release|Win32
		{A011FEC3-6EE7-47E4-A421-A15A0E9C8269}.Template|Win32.ActiveCfg = Release|Win32
		{A011FEC3-6EE7-47E4-A421-A15A0E9C8269}.Template|Win32.Build.0 = Release|Win32
		{A011FEC3-6EE7-47E4-A421-A15A0E9C8269}.Template|x64.ActiveCfg = Release|Win32
	EndGlobalSection
	GlobalSection(SolutionProperties) = preSolution
		HideSolutionNode = FALSE
	EndGlobalSection
	GlobalSection(NestedProjects) = preSolution
		{F8753EBC-42E4-4C4B-9BB8-AF8CE3DBCAAC} = {FB460C51-1F8A-4531-966B-11AA570D19B4}
		{8C7CB19A-6057-438F-812D-F298D5B2DC7B} = {FB460C51-1F8A-4531-966B-11AA570D19B4}
		{D497410B-DA02-428F-B64C-D4739A76975C} = {FB460C51-1F8A-4531-966B-11AA570D19B4}
		{A011FEC3-6EE7-47E4-A421-A15A0E9C8269} = {FB460C51-1F8A-4531-966B-11AA570D19B4}
	EndGlobalSection
EndGlobal
